
Microsoft Visual Studio Solution File, Format Version 12.00
# Visual Studio Version 17
VisualStudioVersion = 17.5.33424.131
MinimumVisualStudioVersion = 10.0.40219.1
Project("{9A19103F-16F7-4668-BE54-9A1E7A4F7556}") = "OmkarFCUBEAPI", "OmkarFCUBEAPI\OmkarFCUBEAPI.csproj", "{2565C7E5-7A1E-4594-B528-D1527D336792}"
EndProject
Project("{9A19103F-16F7-4668-BE54-9A1E7A4F7556}") = "SqlHelper", "SqlHelper\SqlHelper.csproj", "{B5A3ECAA-7F32-4073-80F4-47657D5E360C}"
EndProject
Project("{9A19103F-16F7-4668-BE54-9A1E7A4F7556}") = "Shared", "Shared\Shared.csproj", "{F7B28F04-9056-4568-9BA6-ED9A29E28258}"
EndProject
Project("{9A19103F-16F7-4668-BE54-9A1E7A4F7556}") = "FreightMasters", "FreightMasters\FreightMasters.csproj", "{C07FCB5B-EB14-46BD-B9BB-E4E7386A7F6C}"
EndProject
Project("{9A19103F-16F7-4668-BE54-9A1E7A4F7556}") = "FleetMasters", "FleetMasters\FleetMasters.csproj", "{B028A382-7AD2-4B38-B852-AB93CD1E2255}"
EndProject
Project("{9A19103F-16F7-4668-BE54-9A1E7A4F7556}") = "AdminMasters", "AdminMasters\AdminMasters.csproj", "{8777DB3A-AC20-4387-8854-956377C0A4DB}"
EndProject
Project("{9A19103F-16F7-4668-BE54-9A1E7A4F7556}") = "FinanceMaster", "FinanceMaster\FinanceMaster.csproj", "{1A55AB74-92BD-4312-BA2C-A027915301EF}"
EndProject
Project("{9A19103F-16F7-4668-BE54-9A1E7A4F7556}") = "Consignment", "Consignment\Consignment.csproj", "{9EFEA0D0-ED7C-4997-940D-0A05A57F82FA}"
EndProject
Project("{FAE04EC0-301F-11D3-BF4B-00C04F79EFBC}") = "FinTrans", "FinTrans\FinTrans.csproj", "{EF207082-58D7-45E0-81F9-C9FEB12AA82A}"
EndProject
Global
	GlobalSection(SolutionConfigurationPlatforms) = preSolution
		Debug|Any CPU = Debug|Any CPU
		Release|Any CPU = Release|Any CPU
	EndGlobalSection
	GlobalSection(ProjectConfigurationPlatforms) = postSolution
		{2565C7E5-7A1E-4594-B528-D1527D336792}.Debug|Any CPU.ActiveCfg = Debug|Any CPU
		{2565C7E5-7A1E-4594-B528-D1527D336792}.Debug|Any CPU.Build.0 = Debug|Any CPU
		{2565C7E5-7A1E-4594-B528-D1527D336792}.Release|Any CPU.ActiveCfg = Release|Any CPU
		{2565C7E5-7A1E-4594-B528-D1527D336792}.Release|Any CPU.Build.0 = Release|Any CPU
		{B5A3ECAA-7F32-4073-80F4-47657D5E360C}.Debug|Any CPU.ActiveCfg = Debug|Any CPU
		{B5A3ECAA-7F32-4073-80F4-47657D5E360C}.Debug|Any CPU.Build.0 = Debug|Any CPU
		{B5A3ECAA-7F32-4073-80F4-47657D5E360C}.Release|Any CPU.ActiveCfg = Release|Any CPU
		{B5A3ECAA-7F32-4073-80F4-47657D5E360C}.Release|Any CPU.Build.0 = Release|Any CPU
		{F7B28F04-9056-4568-9BA6-ED9A29E28258}.Debug|Any CPU.ActiveCfg = Debug|Any CPU
		{F7B28F04-9056-4568-9BA6-ED9A29E28258}.Debug|Any CPU.Build.0 = Debug|Any CPU
		{F7B28F04-9056-4568-9BA6-ED9A29E28258}.Release|Any CPU.ActiveCfg = Release|Any CPU
		{F7B28F04-9056-4568-9BA6-ED9A29E28258}.Release|Any CPU.Build.0 = Release|Any CPU
		{C07FCB5B-EB14-46BD-B9BB-E4E7386A7F6C}.Debug|Any CPU.ActiveCfg = Debug|Any CPU
		{C07FCB5B-EB14-46BD-B9BB-E4E7386A7F6C}.Debug|Any CPU.Build.0 = Debug|Any CPU
		{C07FCB5B-EB14-46BD-B9BB-E4E7386A7F6C}.Release|Any CPU.ActiveCfg = Release|Any CPU
		{C07FCB5B-EB14-46BD-B9BB-E4E7386A7F6C}.Release|Any CPU.Build.0 = Release|Any CPU
		{B028A382-7AD2-4B38-B852-AB93CD1E2255}.Debug|Any CPU.ActiveCfg = Debug|Any CPU
		{B028A382-7AD2-4B38-B852-AB93CD1E2255}.Debug|Any CPU.Build.0 = Debug|Any CPU
		{B028A382-7AD2-4B38-B852-AB93CD1E2255}.Release|Any CPU.ActiveCfg = Release|Any CPU
		{B028A382-7AD2-4B38-B852-AB93CD1E2255}.Release|Any CPU.Build.0 = Release|Any CPU
		{8777DB3A-AC20-4387-8854-956377C0A4DB}.Debug|Any CPU.ActiveCfg = Debug|Any CPU
		{8777DB3A-AC20-4387-8854-956377C0A4DB}.Debug|Any CPU.Build.0 = Debug|Any CPU
		{8777DB3A-AC20-4387-8854-956377C0A4DB}.Release|Any CPU.ActiveCfg = Release|Any CPU
		{8777DB3A-AC20-4387-8854-956377C0A4DB}.Release|Any CPU.Build.0 = Release|Any CPU
		{1A55AB74-92BD-4312-BA2C-A027915301EF}.Debug|Any CPU.ActiveCfg = Debug|Any CPU
		{1A55AB74-92BD-4312-BA2C-A027915301EF}.Debug|Any CPU.Build.0 = Debug|Any CPU
		{1A55AB74-92BD-4312-BA2C-A027915301EF}.Release|Any CPU.ActiveCfg = Release|Any CPU
		{1A55AB74-92BD-4312-BA2C-A027915301EF}.Release|Any CPU.Build.0 = Release|Any CPU
		{9EFEA0D0-ED7C-4997-940D-0A05A57F82FA}.Debug|Any CPU.ActiveCfg = Debug|Any CPU
		{9EFEA0D0-ED7C-4997-940D-0A05A57F82FA}.Debug|Any CPU.Build.0 = Debug|Any CPU
		{9EFEA0D0-ED7C-4997-940D-0A05A57F82FA}.Release|Any CPU.ActiveCfg = Release|Any CPU
		{9EFEA0D0-ED7C-4997-940D-0A05A57F82FA}.Release|Any CPU.Build.0 = Release|Any CPU
		{EF207082-58D7-45E0-81F9-C9FEB12AA82A}.Debug|Any CPU.ActiveCfg = Debug|Any CPU
		{EF207082-58D7-45E0-81F9-C9FEB12AA82A}.Debug|Any CPU.Build.0 = Debug|Any CPU
		{EF207082-58D7-45E0-81F9-C9FEB12AA82A}.Release|Any CPU.ActiveCfg = Release|Any CPU
		{EF207082-58D7-45E0-81F9-C9FEB12AA82A}.Release|Any CPU.Build.0 = Release|Any CPU
	EndGlobalSection
	GlobalSection(SolutionProperties) = preSolution
		HideSolutionNode = FALSE
	EndGlobalSection
	GlobalSection(ExtensibilityGlobals) = postSolution
		SolutionGuid = {07338436-766C-4A08-8D69-400E19057092}
	EndGlobalSection
EndGlobal
